// !$*UTF8*$!
{
	archiveVersion = 1;
	classes = {
	};
	objectVersion = 50;
	objects = {

/* Begin PBXBuildFile section */
		047BDB6926C8FB1F00A32575 /* AppDelegate.swift in Sources */ = {isa = PBXBuildFile; fileRef = 047BDB6826C8FB1F00A32575 /* AppDelegate.swift */; };
		047BDB6B26C8FB1F00A32575 /* SceneDelegate.swift in Sources */ = {isa = PBXBuildFile; fileRef = 047BDB6A26C8FB1F00A32575 /* SceneDelegate.swift */; };
		047BDB6D26C8FB1F00A32575 /* ViewController.swift in Sources */ = {isa = PBXBuildFile; fileRef = 047BDB6C26C8FB1F00A32575 /* ViewController.swift */; };
		047BDB7026C8FB1F00A32575 /* Main.storyboard in Resources */ = {isa = PBXBuildFile; fileRef = 047BDB6E26C8FB1F00A32575 /* Main.storyboard */; };
		047BDB7226C8FB2000A32575 /* Assets.xcassets in Resources */ = {isa = PBXBuildFile; fileRef = 047BDB7126C8FB2000A32575 /* Assets.xcassets */; };
		047BDB7526C8FB2000A32575 /* LaunchScreen.storyboard in Resources */ = {isa = PBXBuildFile; fileRef = 047BDB7326C8FB2000A32575 /* LaunchScreen.storyboard */; };
		047BDB7E26C8FB8100A32575 /* Readme.md in Resources */ = {isa = PBXBuildFile; fileRef = 047BDB7D26C8FB8100A32575 /* Readme.md */; };
		047BDB8126C8FBD200A32575 /* Diagram.swift in Sources */ = {isa = PBXBuildFile; fileRef = 047BDB8026C8FBD200A32575 /* Diagram.swift */; };
		047BDB8426C9058800A32575 /* basic.png in Resources */ = {isa = PBXBuildFile; fileRef = 047BDB8326C9058800A32575 /* basic.png */; };
		047BDB8726C9086100A32575 /* EasyChange.swift in Sources */ = {isa = PBXBuildFile; fileRef = 047BDB8626C9086100A32575 /* EasyChange.swift */; };
		047BDB8A26C9098200A32575 /* Model.swift in Sources */ = {isa = PBXBuildFile; fileRef = 047BDB8926C9098200A32575 /* Model.swift */; };
		047BDB8D26C90A4B00A32575 /* EasyChange.png in Resources */ = {isa = PBXBuildFile; fileRef = 047BDB8C26C90A4B00A32575 /* EasyChange.png */; };
		047BDB9026C90D4F00A32575 /* WithLocal.png in Resources */ = {isa = PBXBuildFile; fileRef = 047BDB8F26C90D4F00A32575 /* WithLocal.png */; };
/* End PBXBuildFile section */

/* Begin PBXFileReference section */
		047BDB6526C8FB1F00A32575 /* DependencyDiagram.app */ = {isa = PBXFileReference; explicitFileType = wrapper.application; includeInIndex = 0; path = DependencyDiagram.app; sourceTree = BUILT_PRODUCTS_DIR; };
		047BDB6826C8FB1F00A32575 /* AppDelegate.swift */ = {isa = PBXFileReference; lastKnownFileType = sourcecode.swift; path = AppDelegate.swift; sourceTree = "<group>"; };
		047BDB6A26C8FB1F00A32575 /* SceneDelegate.swift */ = {isa = PBXFileReference; lastKnownFileType = sourcecode.swift; path = SceneDelegate.swift; sourceTree = "<group>"; };
		047BDB6C26C8FB1F00A32575 /* ViewController.swift */ = {isa = PBXFileReference; lastKnownFileType = sourcecode.swift; path = ViewController.swift; sourceTree = "<group>"; };
		047BDB6F26C8FB1F00A32575 /* Base */ = {isa = PBXFileReference; lastKnownFileType = file.storyboard; name = Base; path = Base.lproj/Main.storyboard; sourceTree = "<group>"; };
		047BDB7126C8FB2000A32575 /* Assets.xcassets */ = {isa = PBXFileReference; lastKnownFileType = folder.assetcatalog; path = Assets.xcassets; sourceTree = "<group>"; };
		047BDB7426C8FB2000A32575 /* Base */ = {isa = PBXFileReference; lastKnownFileType = file.storyboard; name = Base; path = Base.lproj/LaunchScreen.storyboard; sourceTree = "<group>"; };
		047BDB7626C8FB2000A32575 /* Info.plist */ = {isa = PBXFileReference; lastKnownFileType = text.plist.xml; path = Info.plist; sourceTree = "<group>"; };
		047BDB7D26C8FB8100A32575 /* Readme.md */ = {isa = PBXFileReference; lastKnownFileType = net.daringfireball.markdown; path = Readme.md; sourceTree = "<group>"; };
		047BDB8026C8FBD200A32575 /* Diagram.swift */ = {isa = PBXFileReference; lastKnownFileType = sourcecode.swift; path = Diagram.swift; sourceTree = "<group>"; };
		047BDB8326C9058800A32575 /* basic.png */ = {isa = PBXFileReference; lastKnownFileType = image.png; path = basic.png; sourceTree = "<group>"; };
		047BDB8626C9086100A32575 /* EasyChange.swift */ = {isa = PBXFileReference; lastKnownFileType = sourcecode.swift; path = EasyChange.swift; sourceTree = "<group>"; };
		047BDB8926C9098200A32575 /* Model.swift */ = {isa = PBXFileReference; lastKnownFileType = sourcecode.swift; path = Model.swift; sourceTree = "<group>"; };
		047BDB8C26C90A4B00A32575 /* EasyChange.png */ = {isa = PBXFileReference; lastKnownFileType = image.png; path = EasyChange.png; sourceTree = "<group>"; };
		047BDB8F26C90D4F00A32575 /* WithLocal.png */ = {isa = PBXFileReference; lastKnownFileType = image.png; path = WithLocal.png; sourceTree = "<group>"; };
/* End PBXFileReference section */

/* Begin PBXFrameworksBuildPhase section */
		047BDB6226C8FB1F00A32575 /* Frameworks */ = {
			isa = PBXFrameworksBuildPhase;
			buildActionMask = 2147483647;
			files = (
			);
			runOnlyForDeploymentPostprocessing = 0;
		};
/* End PBXFrameworksBuildPhase section */

/* Begin PBXGroup section */
		047BDB5C26C8FB1F00A32575 = {
			isa = PBXGroup;
			children = (
				047BDB7D26C8FB8100A32575 /* Readme.md */,
				047BDB6726C8FB1F00A32575 /* DependencyDiagram */,
				047BDB6626C8FB1F00A32575 /* Products */,
			);
			sourceTree = "<group>";
		};
		047BDB6626C8FB1F00A32575 /* Products */ = {
			isa = PBXGroup;
			children = (
				047BDB6526C8FB1F00A32575 /* DependencyDiagram.app */,
			);
			name = Products;
			sourceTree = "<group>";
		};
		047BDB6726C8FB1F00A32575 /* DependencyDiagram */ = {
			isa = PBXGroup;
			children = (
				047BDB8926C9098200A32575 /* Model.swift */,
				047BDB8026C8FBD200A32575 /* Diagram.swift */,
				047BDB8626C9086100A32575 /* EasyChange.swift */,
				047BDB6826C8FB1F00A32575 /* AppDelegate.swift */,
				047BDB6A26C8FB1F00A32575 /* SceneDelegate.swift */,
				047BDB6C26C8FB1F00A32575 /* ViewController.swift */,
				047BDB8C26C90A4B00A32575 /* EasyChange.png */,
				047BDB8326C9058800A32575 /* basic.png */,
				047BDB8F26C90D4F00A32575 /* WithLocal.png */,
				047BDB6E26C8FB1F00A32575 /* Main.storyboard */,
				047BDB7126C8FB2000A32575 /* Assets.xcassets */,
				047BDB7326C8FB2000A32575 /* LaunchScreen.storyboard */,
				047BDB7626C8FB2000A32575 /* Info.plist */,
			);
			path = DependencyDiagram;
			sourceTree = "<group>";
		};
/* End PBXGroup section */

/* Begin PBXNativeTarget section */
		047BDB6426C8FB1F00A32575 /* DependencyDiagram */ = {
			isa = PBXNativeTarget;
			buildConfigurationList = 047BDB7926C8FB2000A32575 /* Build configuration list for PBXNativeTarget "DependencyDiagram" */;
			buildPhases = (
				047BDB6126C8FB1F00A32575 /* Sources */,
				047BDB6226C8FB1F00A32575 /* Frameworks */,
				047BDB6326C8FB1F00A32575 /* Resources */,
			);
			buildRules = (
			);
			dependencies = (
			);
			name = DependencyDiagram;
			productName = DependencyDiagram;
			productReference = 047BDB6526C8FB1F00A32575 /* DependencyDiagram.app */;
			productType = "com.apple.product-type.application";
		};
/* End PBXNativeTarget section */

/* Begin PBXProject section */
		047BDB5D26C8FB1F00A32575 /* Project object */ = {
			isa = PBXProject;
			attributes = {
				LastSwiftUpdateCheck = 1240;
				LastUpgradeCheck = 1240;
				TargetAttributes = {
					047BDB6426C8FB1F00A32575 = {
						CreatedOnToolsVersion = 12.4;
					};
				};
			};
			buildConfigurationList = 047BDB6026C8FB1F00A32575 /* Build configuration list for PBXProject "DependencyDiagram" */;
			compatibilityVersion = "Xcode 9.3";
			developmentRegion = en;
			hasScannedForEncodings = 0;
			knownRegions = (
				en,
				Base,
			);
			mainGroup = 047BDB5C26C8FB1F00A32575;
			productRefGroup = 047BDB6626C8FB1F00A32575 /* Products */;
			projectDirPath = "";
			projectRoot = "";
			targets = (
				047BDB6426C8FB1F00A32575 /* DependencyDiagram */,
			);
		};
/* End PBXProject section */

/* Begin PBXResourcesBuildPhase section */
		047BDB6326C8FB1F00A32575 /* Resources */ = {
			isa = PBXResourcesBuildPhase;
			buildActionMask = 2147483647;
			files = (
				047BDB7526C8FB2000A32575 /* LaunchScreen.storyboard in Resources */,
				047BDB9026C90D4F00A32575 /* WithLocal.png in Resources */,
				047BDB7226C8FB2000A32575 /* Assets.xcassets in Resources */,
				047BDB7E26C8FB8100A32575 /* Readme.md in Resources */,
				047BDB7026C8FB1F00A32575 /* Main.storyboard in Resources */,
				047BDB8426C9058800A32575 /* basic.png in Resources */,
				047BDB8D26C90A4B00A32575 /* EasyChange.png in Resources */,
			);
			runOnlyForDeploymentPostprocessing = 0;
		};
/* End PBXResourcesBuildPhase section */

/* Begin PBXSourcesBuildPhase section */
		047BDB6126C8FB1F00A32575 /* Sources */ = {
			isa = PBXSourcesBuildPhase;
			buildActionMask = 2147483647;
			files = (
				047BDB8726C9086100A32575 /* EasyChange.swift in Sources */,
				047BDB6D26C8FB1F00A32575 /* ViewController.swift in Sources */,
				047BDB8126C8FBD200A32575 /* Diagram.swift in Sources */,
				047BDB8A26C9098200A32575 /* Model.swift in Sources */,
				047BDB6926C8FB1F00A32575 /* AppDelegate.swift in Sources */,
				047BDB6B26C8FB1F00A32575 /* SceneDelegate.swift in Sources */,
			);
			runOnlyForDeploymentPostprocessing = 0;
		};
/* End PBXSourcesBuildPhase section */

/* Begin PBXVariantGroup section */
		047BDB6E26C8FB1F00A32575 /* Main.storyboard */ = {
			isa = PBXVariantGroup;
			children = (
				047BDB6F26C8FB1F00A32575 /* Base */,
			);
			name = Main.storyboard;
			sourceTree = "<group>";
		};
		047BDB7326C8FB2000A32575 /* LaunchScreen.storyboard */ = {
			isa = PBXVariantGroup;
			children = (
				047BDB7426C8FB2000A32575 /* Base */,
			);
			name = LaunchScreen.storyboard;
			sourceTree = "<group>";
		};
/* End PBXVariantGroup section */

/* Begin XCBuildConfiguration section */
		047BDB7726C8FB2000A32575 /* Debug */ = {
			isa = XCBuildConfiguration;
			buildSettings = {
				ALWAYS_SEARCH_USER_PATHS = NO;
				CLANG_ANALYZER_NONNULL = YES;
				CLANG_ANALYZER_NUMBER_OBJECT_CONVERSION = YES_AGGRESSIVE;
				CLANG_CXX_LANGUAGE_STANDARD = "gnu++14";
				CLANG_CXX_LIBRARY = "libc++";
				CLANG_ENABLE_MODULES = YES;
				CLANG_ENABLE_OBJC_ARC = YES;
				CLANG_ENABLE_OBJC_WEAK = YES;
				CLANG_WARN_BLOCK_CAPTURE_AUTORELEASING = YES;
				CLANG_WARN_BOOL_CONVERSION = YES;
				CLANG_WARN_COMMA = YES;
				CLANG_WARN_CONSTANT_CONVERSION = YES;
				CLANG_WARN_DEPRECATED_OBJC_IMPLEMENTATIONS = YES;
				CLANG_WARN_DIRECT_OBJC_ISA_USAGE = YES_ERROR;
				CLANG_WARN_DOCUMENTATION_COMMENTS = YES;
				CLANG_WARN_EMPTY_BODY = YES;
				CLANG_WARN_ENUM_CONVERSION = YES;
				CLANG_WARN_INFINITE_RECURSION = YES;
				CLANG_WARN_INT_CONVERSION = YES;
				CLANG_WARN_NON_LITERAL_NULL_CONVERSION = YES;
				CLANG_WARN_OBJC_IMPLICIT_RETAIN_SELF = YES;
				CLANG_WARN_OBJC_LITERAL_CONVERSION = YES;
				CLANG_WARN_OBJC_ROOT_CLASS = YES_ERROR;
				CLANG_WARN_QUOTED_INCLUDE_IN_FRAMEWORK_HEADER = YES;
				CLANG_WARN_RANGE_LOOP_ANALYSIS = YES;
				CLANG_WARN_STRICT_PROTOTYPES = YES;
				CLANG_WARN_SUSPICIOUS_MOVE = YES;
				CLANG_WARN_UNGUARDED_AVAILABILITY = YES_AGGRESSIVE;
				CLANG_WARN_UNREACHABLE_CODE = YES;
				CLANG_WARN__DUPLICATE_METHOD_MATCH = YES;
				COPY_PHASE_STRIP = NO;
				DEBUG_INFORMATION_FORMAT = dwarf;
				ENABLE_STRICT_OBJC_MSGSEND = YES;
				ENABLE_TESTABILITY = YES;
				GCC_C_LANGUAGE_STANDARD = gnu11;
				GCC_DYNAMIC_NO_PIC = NO;
				GCC_NO_COMMON_BLOCKS = YES;
				GCC_OPTIMIZATION_LEVEL = 0;
				GCC_PREPROCESSOR_DEFINITIONS = (
					"DEBUG=1",
					"$(inherited)",
				);
				GCC_WARN_64_TO_32_BIT_CONVERSION = YES;
				GCC_WARN_ABOUT_RETURN_TYPE = YES_ERROR;
				GCC_WARN_UNDECLARED_SELECTOR = YES;
				GCC_WARN_UNINITIALIZED_AUTOS = YES_AGGRESSIVE;
				GCC_WARN_UNUSED_FUNCTION = YES;
				GCC_WARN_UNUSED_VARIABLE = YES;
				IPHONEOS_DEPLOYMENT_TARGET = 14.4;
				MTL_ENABLE_DEBUG_INFO = INCLUDE_SOURCE;
				MTL_FAST_MATH = YES;
				ONLY_ACTIVE_ARCH = YES;
				SDKROOT = iphoneos;
				SWIFT_ACTIVE_COMPILATION_CONDITIONS = DEBUG;
				SWIFT_OPTIMIZATION_LEVEL = "-Onone";
			};
			name = Debug;
		};
		047BDB7826C8FB2000A32575 /* Release */ = {
			isa = XCBuildConfiguration;
			buildSettings = {
				ALWAYS_SEARCH_USER_PATHS = NO;
				CLANG_ANALYZER_NONNULL = YES;
				CLANG_ANALYZER_NUMBER_OBJECT_CONVERSION = YES_AGGRESSIVE;
				CLANG_CXX_LANGUAGE_STANDARD = "gnu++14";
				CLANG_CXX_LIBRARY = "libc++";
				CLANG_ENABLE_MODULES = YES;
				CLANG_ENABLE_OBJC_ARC = YES;
				CLANG_ENABLE_OBJC_WEAK = YES;
				CLANG_WARN_BLOCK_CAPTURE_AUTORELEASING = YES;
				CLANG_WARN_BOOL_CONVERSION = YES;
				CLANG_WARN_COMMA = YES;
				CLANG_WARN_CONSTANT_CONVERSION = YES;
				CLANG_WARN_DEPRECATED_OBJC_IMPLEMENTATIONS = YES;
				CLANG_WARN_DIRECT_OBJC_ISA_USAGE = YES_ERROR;
				CLANG_WARN_DOCUMENTATION_COMMENTS = YES;
				CLANG_WARN_EMPTY_BODY = YES;
				CLANG_WARN_ENUM_CONVERSION = YES;
				CLANG_WARN_INFINITE_RECURSION = YES;
				CLANG_WARN_INT_CONVERSION = YES;
				CLANG_WARN_NON_LITERAL_NULL_CONVERSION = YES;
				CLANG_WARN_OBJC_IMPLICIT_RETAIN_SELF = YES;
				CLANG_WARN_OBJC_LITERAL_CONVERSION = YES;
				CLANG_WARN_OBJC_ROOT_CLASS = YES_ERROR;
				CLANG_WARN_QUOTED_INCLUDE_IN_FRAMEWORK_HEADER = YES;
				CLANG_WARN_RANGE_LOOP_ANALYSIS = YES;
				CLANG_WARN_STRICT_PROTOTYPES = YES;
				CLANG_WARN_SUSPICIOUS_MOVE = YES;
				CLANG_WARN_UNGUARDED_AVAILABILITY = YES_AGGRESSIVE;
				CLANG_WARN_UNREACHABLE_CODE = YES;
				CLANG_WARN__DUPLICATE_METHOD_MATCH = YES;
				COPY_PHASE_STRIP = NO;
				DEBUG_INFORMATION_FORMAT = "dwarf-with-dsym";
				ENABLE_NS_ASSERTIONS = NO;
				ENABLE_STRICT_OBJC_MSGSEND = YES;
				GCC_C_LANGUAGE_STANDARD = gnu11;
				GCC_NO_COMMON_BLOCKS = YES;
				GCC_WARN_64_TO_32_BIT_CONVERSION = YES;
				GCC_WARN_ABOUT_RETURN_TYPE = YES_ERROR;
				GCC_WARN_UNDECLARED_SELECTOR = YES;
				GCC_WARN_UNINITIALIZED_AUTOS = YES_AGGRESSIVE;
				GCC_WARN_UNUSED_FUNCTION = YES;
				GCC_WARN_UNUSED_VARIABLE = YES;
				IPHONEOS_DEPLOYMENT_TARGET = 14.4;
				MTL_ENABLE_DEBUG_INFO = NO;
				MTL_FAST_MATH = YES;
				SDKROOT = iphoneos;
				SWIFT_COMPILATION_MODE = wholemodule;
				SWIFT_OPTIMIZATION_LEVEL = "-O";
				VALIDATE_PRODUCT = YES;
			};
			name = Release;
		};
		047BDB7A26C8FB2000A32575 /* Debug */ = {
			isa = XCBuildConfiguration;
			buildSettings = {
				ASSETCATALOG_COMPILER_APPICON_NAME = AppIcon;
				ASSETCATALOG_COMPILER_GLOBAL_ACCENT_COLOR_NAME = AccentColor;
				CODE_SIGN_STYLE = Automatic;
				DEVELOPMENT_TEAM = Q4KF7QULRW;
				INFOPLIST_FILE = DependencyDiagram/Info.plist;
				LD_RUNPATH_SEARCH_PATHS = (
					"$(inherited)",
					"@executable_path/Frameworks",
				);
				PRODUCT_BUNDLE_IDENTIFIER = Learning.DependencyDiagram;
				PRODUCT_NAME = "$(TARGET_NAME)";
				SWIFT_VERSION = 5.0;
				TARGETED_DEVICE_FAMILY = "1,2";
			};
			name = Debug;
		};
		047BDB7B26C8FB2000A32575 /* Release */ = {
			isa = XCBuildConfiguration;
			buildSettings = {
				ASSETCATALOG_COMPILER_APPICON_NAME = AppIcon;
				ASSETCATALOG_COMPILER_GLOBAL_ACCENT_COLOR_NAME = AccentColor;
				CODE_SIGN_STYLE = Automatic;
				DEVELOPMENT_TEAM = Q4KF7QULRW;
				INFOPLIST_FILE = DependencyDiagram/Info.plist;
				LD_RUNPATH_SEARCH_PATHS = (
					"$(inherited)",
					"@executable_path/Frameworks",
				);
				PRODUCT_BUNDLE_IDENTIFIER = Learning.DependencyDiagram;
				PRODUCT_NAME = "$(TARGET_NAME)";
				SWIFT_VERSION = 5.0;
				TARGETED_DEVICE_FAMILY = "1,2";
			};
			name = Release;
		};
/* End XCBuildConfiguration section */

/* Begin XCConfigurationList section */
		047BDB6026C8FB1F00A32575 /* Build configuration list for PBXProject "DependencyDiagram" */ = {
			isa = XCConfigurationList;
			buildConfigurations = (
				047BDB7726C8FB2000A32575 /* Debug */,
				047BDB7826C8FB2000A32575 /* Release */,
			);
			defaultConfigurationIsVisible = 0;
			defaultConfigurationName = Release;
		};
		047BDB7926C8FB2000A32575 /* Build configuration list for PBXNativeTarget "DependencyDiagram" */ = {
			isa = XCConfigurationList;
			buildConfigurations = (
				047BDB7A26C8FB2000A32575 /* Debug */,
				047BDB7B26C8FB2000A32575 /* Release */,
			);
			defaultConfigurationIsVisible = 0;
			defaultConfigurationName = Release;
		};
/* End XCConfigurationList section */
	};
	rootObject = 047BDB5D26C8FB1F00A32575 /* Project object */;
}
